
Microsoft Visual Studio Solution File, Format Version 12.00
# Visual Studio 15
Project("{FAE04EC0-301F-11D3-BF4B-00C04F79EFBC}") = "Assembly-CSharp", "Assembly-CSharp.csproj", "{B5B4F36F-A3C6-EC70-466D-6B3CDD9C08B2}"
EndProject
Project("{FAE04EC0-301F-11D3-BF4B-00C04F79EFBC}") = "HurricaneVR.Framework", "HurricaneVR.Framework.csproj", "{C557BAC6-145B-917A-390D-749B175EA2EF}"
EndProject
Project("{FAE04EC0-301F-11D3-BF4B-00C04F79EFBC}") = "HurricaneVR.Editor", "HurricaneVR.Editor.csproj", "{B75CEB86-C7D2-D0A5-06F3-AB5BF1A31D46}"
EndProject
Project("{FAE04EC0-301F-11D3-BF4B-00C04F79EFBC}") = "Assembly-CSharp-Editor", "Assembly-CSharp-Editor.csproj", "{5363E438-541E-C56A-7C9E-96566FA1966A}"
EndProject
Project("{FAE04EC0-301F-11D3-BF4B-00C04F79EFBC}") = "BNGHandPoseID", "BNGHandPoseID.csproj", "{A61142D3-1DE9-8A25-F622-C9B355355749}"
EndProject
Global
	GlobalSection(SolutionConfigurationPlatforms) = preSolution
		Debug|Any CPU = Debug|Any CPU
		Release|Any CPU = Release|Any CPU
	EndGlobalSection
	GlobalSection(ProjectConfigurationPlatforms) = postSolution
		{B5B4F36F-A3C6-EC70-466D-6B3CDD9C08B2}.Debug|Any CPU.ActiveCfg = Debug|Any CPU
		{B5B4F36F-A3C6-EC70-466D-6B3CDD9C08B2}.Debug|Any CPU.Build.0 = Debug|Any CPU
		{B5B4F36F-A3C6-EC70-466D-6B3CDD9C08B2}.Release|Any CPU.ActiveCfg = Release|Any CPU
		{B5B4F36F-A3C6-EC70-466D-6B3CDD9C08B2}.Release|Any CPU.Build.0 = Release|Any CPU
		{C557BAC6-145B-917A-390D-749B175EA2EF}.Debug|Any CPU.ActiveCfg = Debug|Any CPU
		{C557BAC6-145B-917A-390D-749B175EA2EF}.Debug|Any CPU.Build.0 = Debug|Any CPU
		{C557BAC6-145B-917A-390D-749B175EA2EF}.Release|Any CPU.ActiveCfg = Release|Any CPU
		{C557BAC6-145B-917A-390D-749B175EA2EF}.Release|Any CPU.Build.0 = Release|Any CPU
		{B75CEB86-C7D2-D0A5-06F3-AB5BF1A31D46}.Debug|Any CPU.ActiveCfg = Debug|Any CPU
		{B75CEB86-C7D2-D0A5-06F3-AB5BF1A31D46}.Debug|Any CPU.Build.0 = Debug|Any CPU
		{B75CEB86-C7D2-D0A5-06F3-AB5BF1A31D46}.Release|Any CPU.ActiveCfg = Release|Any CPU
		{B75CEB86-C7D2-D0A5-06F3-AB5BF1A31D46}.Release|Any CPU.Build.0 = Release|Any CPU
		{5363E438-541E-C56A-7C9E-96566FA1966A}.Debug|Any CPU.ActiveCfg = Debug|Any CPU
		{5363E438-541E-C56A-7C9E-96566FA1966A}.Debug|Any CPU.Build.0 = Debug|Any CPU
		{5363E438-541E-C56A-7C9E-96566FA1966A}.Release|Any CPU.ActiveCfg = Release|Any CPU
		{5363E438-541E-C56A-7C9E-96566FA1966A}.Release|Any CPU.Build.0 = Release|Any CPU
		{A61142D3-1DE9-8A25-F622-C9B355355749}.Debug|Any CPU.ActiveCfg = Debug|Any CPU
		{A61142D3-1DE9-8A25-F622-C9B355355749}.Debug|Any CPU.Build.0 = Debug|Any CPU
		{A61142D3-1DE9-8A25-F622-C9B355355749}.Release|Any CPU.ActiveCfg = Release|Any CPU
		{A61142D3-1DE9-8A25-F622-C9B355355749}.Release|Any CPU.Build.0 = Release|Any CPU
	EndGlobalSection
	GlobalSection(SolutionProperties) = preSolution
		HideSolutionNode = FALSE
	EndGlobalSection
EndGlobal
